Microsoft Visual Studio Solution File, Format Version 10.00
# Visual Studio 2008
Project("{8BC9CEB8-8B4A-11D0-8D11-00A0C91BC942}") = "example", "example\example.vcproj", "{19C9FBF3-6FB7-368D-B827-330FFBC1E363}"
	ProjectSection(ProjectDependencies) = postProject
		{E1EBF152-8CB3-4230-9C4B-6C1AE0704168} = {E1EBF152-8CB3-4230-9C4B-6C1AE0704168}
	EndProjectSection
EndProject
Project("{8BC9CEB8-8B4A-11D0-8D11-00A0C91BC942}") = "qaivlib", "qaivlib\qaivlib.vcproj", "{E1EBF152-8CB3-4230-9C4B-6C1AE0704168}"
EndProject
Project("{8BC9CEB8-8B4A-11D0-8D11-00A0C91BC942}") = "test_qadvancedtableview", "test\qadvancedtableview\qadvancedtableview.vcproj", "{AEC570A7-AB38-4EBF-AD34-4726D676E8EB}"
	ProjectSection(ProjectDependencies) = postProject
		{E1EBF152-8CB3-4230-9C4B-6C1AE0704168} = {E1EBF152-8CB3-4230-9C4B-6C1AE0704168}
	EndProjectSection
EndProject
Project("{2150E333-8FDC-42A3-9474-1A3956D46DE8}") = "Test", "Test", "{9E0F72AB-A587-4E49-B073-D31550CB31BC}"
EndProject
Project("{8BC9CEB8-8B4A-11D0-8D11-00A0C91BC942}") = "test_qaiv", "test\qaiv\qaiv.vcproj", "{BD39DD88-2357-4FD1-A771-993A1DE439D7}"
	ProjectSection(ProjectDependencies) = postProject
		{E1EBF152-8CB3-4230-9C4B-6C1AE0704168} = {E1EBF152-8CB3-4230-9C4B-6C1AE0704168}
	EndProjectSection
EndProject
Project("{8BC9CEB8-8B4A-11D0-8D11-00A0C91BC942}") = "qaivdesigner", "qaivdesigner\qaivdesigner.vcproj", "{1F17631A-0119-3C47-A697-F21538335E2E}"
	ProjectSection(ProjectDependencies) = postProject
		{E1EBF152-8CB3-4230-9C4B-6C1AE0704168} = {E1EBF152-8CB3-4230-9C4B-6C1AE0704168}
	EndProjectSection
EndProject
Project("{8BC9CEB8-8B4A-11D0-8D11-00A0C91BC942}") = "test_qaivproxymodels", "test\qaivproxymodels\qaivproxymodels.vcproj", "{42DA8916-2E97-432F-8984-D6D196E8AADA}"
	ProjectSection(ProjectDependencies) = postProject
		{E1EBF152-8CB3-4230-9C4B-6C1AE0704168} = {E1EBF152-8CB3-4230-9C4B-6C1AE0704168}
	EndProjectSection
EndProject
Project("{2150E333-8FDC-42A3-9474-1A3956D46DE8}") = "Solution Items", "Solution Items", "{2D690716-6E9E-416F-ADF0-EA46C4562AC6}"
	ProjectSection(SolutionItems) = preProject
		CHANGES.txt = CHANGES.txt
	EndProjectSection
EndProject
Global
	GlobalSection(SolutionConfigurationPlatforms) = preSolution
		Debug|Win32 = Debug|Win32
		Release|Win32 = Release|Win32
	EndGlobalSection
	GlobalSection(ProjectConfigurationPlatforms) = postSolution
		{19C9FBF3-6FB7-368D-B827-330FFBC1E363}.Debug|Win32.ActiveCfg = Debug|Win32
		{19C9FBF3-6FB7-368D-B827-330FFBC1E363}.Debug|Win32.Build.0 = Debug|Win32
		{19C9FBF3-6FB7-368D-B827-330FFBC1E363}.Release|Win32.ActiveCfg = Release|Win32
		{19C9FBF3-6FB7-368D-B827-330FFBC1E363}.Release|Win32.Build.0 = Release|Win32
		{E1EBF152-8CB3-4230-9C4B-6C1AE0704168}.Debug|Win32.ActiveCfg = Debug|Win32
		{E1EBF152-8CB3-4230-9C4B-6C1AE0704168}.Debug|Win32.Build.0 = Debug|Win32
		{E1EBF152-8CB3-4230-9C4B-6C1AE0704168}.Release|Win32.ActiveCfg = Release|Win32
		{E1EBF152-8CB3-4230-9C4B-6C1AE0704168}.Release|Win32.Build.0 = Release|Win32
		{AEC570A7-AB38-4EBF-AD34-4726D676E8EB}.Debug|Win32.ActiveCfg = Debug|Win32
		{AEC570A7-AB38-4EBF-AD34-4726D676E8EB}.Debug|Win32.Build.0 = Debug|Win32
		{AEC570A7-AB38-4EBF-AD34-4726D676E8EB}.Release|Win32.ActiveCfg = Release|Win32
		{AEC570A7-AB38-4EBF-AD34-4726D676E8EB}.Release|Win32.Build.0 = Release|Win32
		{BD39DD88-2357-4FD1-A771-993A1DE439D7}.Debug|Win32.ActiveCfg = Debug|Win32
		{BD39DD88-2357-4FD1-A771-993A1DE439D7}.Debug|Win32.Build.0 = Debug|Win32
		{BD39DD88-2357-4FD1-A771-993A1DE439D7}.Release|Win32.ActiveCfg = Release|Win32
		{BD39DD88-2357-4FD1-A771-993A1DE439D7}.Release|Win32.Build.0 = Release|Win32
		{1F17631A-0119-3C47-A697-F21538335E2E}.Debug|Win32.ActiveCfg = Debug|Win32
		{1F17631A-0119-3C47-A697-F21538335E2E}.Debug|Win32.Build.0 = Debug|Win32
		{1F17631A-0119-3C47-A697-F21538335E2E}.Release|Win32.ActiveCfg = Release|Win32
		{1F17631A-0119-3C47-A697-F21538335E2E}.Release|Win32.Build.0 = Release|Win32
		{42DA8916-2E97-432F-8984-D6D196E8AADA}.Debug|Win32.ActiveCfg = Debug|Win32
		{42DA8916-2E97-432F-8984-D6D196E8AADA}.Debug|Win32.Build.0 = Debug|Win32
		{42DA8916-2E97-432F-8984-D6D196E8AADA}.Release|Win32.ActiveCfg = Release|Win32
		{42DA8916-2E97-432F-8984-D6D196E8AADA}.Release|Win32.Build.0 = Release|Win32
	EndGlobalSection
	GlobalSection(SolutionProperties) = preSolution
		HideSolutionNode = FALSE
	EndGlobalSection
	GlobalSection(NestedProjects) = preSolution
		{AEC570A7-AB38-4EBF-AD34-4726D676E8EB} = {9E0F72AB-A587-4E49-B073-D31550CB31BC}
		{BD39DD88-2357-4FD1-A771-993A1DE439D7} = {9E0F72AB-A587-4E49-B073-D31550CB31BC}
		{42DA8916-2E97-432F-8984-D6D196E8AADA} = {9E0F72AB-A587-4E49-B073-D31550CB31BC}
	EndGlobalSection
	GlobalSection(ExtensibilityGlobals) = postSolution
		QtVersion = 4.8.2
	EndGlobalSection
EndGlobal
